
Microsoft Visual Studio Solution File, Format Version 12.00
# Visual Studio 15
VisualStudioVersion = 15.0.28307.438
MinimumVisualStudioVersion = 10.0.40219.1
Project("{FAE04EC0-301F-11D3-BF4B-00C04F79EFBC}") = "NET_MVC_WorkShop2", "NET_MVC_WorkShop2\NET_MVC_WorkShop2.csproj", "{2F369975-12BA-49AD-84C2-8CD2F407B7AF}"
EndProject
Global
	GlobalSection(SolutionConfigurationPlatforms) = preSolution
		Debug|Any CPU = Debug|Any CPU
		Release|Any CPU = Release|Any CPU
	EndGlobalSection
	GlobalSection(ProjectConfigurationPlatforms) = postSolution
		{2F369975-12BA-49AD-84C2-8CD2F407B7AF}.Debug|Any CPU.ActiveCfg = Debug|Any CPU
		{2F369975-12BA-49AD-84C2-8CD2F407B7AF}.Debug|Any CPU.Build.0 = Debug|Any CPU
		{2F369975-12BA-49AD-84C2-8CD2F407B7AF}.Release|Any CPU.ActiveCfg = Release|Any CPU
		{2F369975-12BA-49AD-84C2-8CD2F407B7AF}.Release|Any CPU.Build.0 = Release|Any CPU
	EndGlobalSection
	GlobalSection(SolutionProperties) = preSolution
		HideSolutionNode = FALSE
	EndGlobalSection
	GlobalSection(ExtensibilityGlobals) = postSolution
		SolutionGuid = {53DEF283-84C0-4DAA-AC69-16BF98A01A5B}
	EndGlobalSection
EndGlobal
